
Microsoft Visual Studio Solution File, Format Version 12.00
# Visual Studio 15
VisualStudioVersion = 15.0.28010.2036
MinimumVisualStudioVersion = 10.0.40219.1
Project("{FAE04EC0-301F-11D3-BF4B-00C04F79EFBC}") = "SimplifiedNeuralBotNetwork", "SimplifiedNeuralBotNetwork\SimplifiedNeuralBotNetwork.csproj", "{50CE763E-78B8-4A45-99F5-68B36C1D4DD0}"
EndProject
Global
	GlobalSection(SolutionConfigurationPlatforms) = preSolution
		Debug|Any CPU = Debug|Any CPU
		Release|Any CPU = Release|Any CPU
	EndGlobalSection
	GlobalSection(ProjectConfigurationPlatforms) = postSolution
		{50CE763E-78B8-4A45-99F5-68B36C1D4DD0}.Debug|Any CPU.ActiveCfg = Debug|Any CPU
		{50CE763E-78B8-4A45-99F5-68B36C1D4DD0}.Debug|Any CPU.Build.0 = Debug|Any CPU
		{50CE763E-78B8-4A45-99F5-68B36C1D4DD0}.Release|Any CPU.ActiveCfg = Release|Any CPU
		{50CE763E-78B8-4A45-99F5-68B36C1D4DD0}.Release|Any CPU.Build.0 = Release|Any CPU
	EndGlobalSection
	GlobalSection(SolutionProperties) = preSolution
		HideSolutionNode = FALSE
	EndGlobalSection
	GlobalSection(ExtensibilityGlobals) = postSolution
		SolutionGuid = {35096FE6-627E-4A20-9B72-1EAA4F77A9A6}
	EndGlobalSection
EndGlobal
